
Microsoft Visual Studio Solution File, Format Version 12.00
# Visual Studio Version 17
VisualStudioVersion = 17.13.35931.197 d17.13
MinimumVisualStudioVersion = 10.0.40219.1
Project("{FAE04EC0-301F-11D3-BF4B-00C04F79EFBC}") = "Pract 3 var 5", "Pract 3 var 5.csproj", "{B6269DF5-7A5D-4DF0-863A-F417AC627DDC}"
EndProject
Project("{FAE04EC0-301F-11D3-BF4B-00C04F79EFBC}") = "TestProject1", "..\TestProject1\TestProject1.csproj", "{0B495BFA-DF25-4F6B-BBAD-E19EA20629C7}"
EndProject
Global
	GlobalSection(SolutionConfigurationPlatforms) = preSolution
		Debug|Any CPU = Debug|Any CPU
		Release|Any CPU = Release|Any CPU
	EndGlobalSection
	GlobalSection(ProjectConfigurationPlatforms) = postSolution
		{B6269DF5-7A5D-4DF0-863A-F417AC627DDC}.Debug|Any CPU.ActiveCfg = Debug|Any CPU
		{B6269DF5-7A5D-4DF0-863A-F417AC627DDC}.Debug|Any CPU.Build.0 = Debug|Any CPU
		{B6269DF5-7A5D-4DF0-863A-F417AC627DDC}.Release|Any CPU.ActiveCfg = Release|Any CPU
		{B6269DF5-7A5D-4DF0-863A-F417AC627DDC}.Release|Any CPU.Build.0 = Release|Any CPU
		{0B495BFA-DF25-4F6B-BBAD-E19EA20629C7}.Debug|Any CPU.ActiveCfg = Debug|Any CPU
		{0B495BFA-DF25-4F6B-BBAD-E19EA20629C7}.Debug|Any CPU.Build.0 = Debug|Any CPU
		{0B495BFA-DF25-4F6B-BBAD-E19EA20629C7}.Release|Any CPU.ActiveCfg = Release|Any CPU
		{0B495BFA-DF25-4F6B-BBAD-E19EA20629C7}.Release|Any CPU.Build.0 = Release|Any CPU
	EndGlobalSection
	GlobalSection(SolutionProperties) = preSolution
		HideSolutionNode = FALSE
	EndGlobalSection
	GlobalSection(ExtensibilityGlobals) = postSolution
		SolutionGuid = {8218A6F7-B1E2-446C-BCA6-BC0778C1BCB7}
	EndGlobalSection
EndGlobal
